
Microsoft Visual Studio Solution File, Format Version 12.00
# Visual Studio 14
VisualStudioVersion = 14.0.23107.0
MinimumVisualStudioVersion = 10.0.40219.1
Project("{8BC9CEB8-8B4A-11D0-8D11-00A0C91BC942}") = "gtest", "gtest\gtest.vcxproj", "{061B9B58-1B11-4057-B1A0-B17FEB86E03B}"
EndProject
Project("{8BC9CEB8-8B4A-11D0-8D11-00A0C91BC942}") = "Table", "Table\Table.vcxproj", "{AAB3F7EE-9751-4935-8980-D3C4978993C7}"
EndProject
Project("{8BC9CEB8-8B4A-11D0-8D11-00A0C91BC942}") = "Binary Tree", "Binary Tree\Binary Tree.vcxproj", "{8CACA287-AB65-4EDB-8F81-71EC10C1A2BB}"
EndProject
Project("{8BC9CEB8-8B4A-11D0-8D11-00A0C91BC942}") = "test", "test\test.vcxproj", "{D403C620-19FF-44B3-AF19-45E3D668B112}"
EndProject
Project("{8BC9CEB8-8B4A-11D0-8D11-00A0C91BC942}") = "Priority Queue", "Priority Queue\Priority Queue.vcxproj", "{0E162F64-EE11-4E90-807E-78AB470C402D}"
EndProject
Project("{8BC9CEB8-8B4A-11D0-8D11-00A0C91BC942}") = "sample-Dijkstra", "sample\sample.vcxproj", "{31F984D4-33F6-4853-9605-2B0A6AC5F80C}"
EndProject
Project("{8BC9CEB8-8B4A-11D0-8D11-00A0C91BC942}") = "sample-Kruskal", "sample-Kruskal\sample-Kruskal.vcxproj", "{C3B929F7-6D6E-4964-AB91-F2857C8B7A57}"
EndProject
Project("{8BC9CEB8-8B4A-11D0-8D11-00A0C91BC942}") = "Graph", "Graph\Graph.vcxproj", "{12E16B36-E905-4B49-ABE5-1A3FDE6F99FA}"
EndProject
Project("{8BC9CEB8-8B4A-11D0-8D11-00A0C91BC942}") = "Disjoint_set", "Disjoint_set\Disjoint_set.vcxproj", "{95133632-BCD8-4A86-B2D8-8EDD65590636}"
EndProject
Project("{8BC9CEB8-8B4A-11D0-8D11-00A0C91BC942}") = "Algorithm", "Kruskal\Kruskal.vcxproj", "{DB6C80C8-EAF5-486E-9733-A99B9D0336A8}"
EndProject
Project("{8BC9CEB8-8B4A-11D0-8D11-00A0C91BC942}") = "D-Heap", "D-Heap\D-Heap.vcxproj", "{A1418813-ADD7-42F4-BF4A-0EB649A37DE5}"
EndProject
Project("{8BC9CEB8-8B4A-11D0-8D11-00A0C91BC942}") = "sample-sort", "sample-sort\sample-sort.vcxproj", "{CD16D4EA-EDCF-42CD-A9C0-89E539F29E1E}"
EndProject
Global
	GlobalSection(SolutionConfigurationPlatforms) = preSolution
		Debug|x64 = Debug|x64
		Debug|x86 = Debug|x86
		Release|x64 = Release|x64
		Release|x86 = Release|x86
	EndGlobalSection
	GlobalSection(ProjectConfigurationPlatforms) = postSolution
		{061B9B58-1B11-4057-B1A0-B17FEB86E03B}.Debug|x64.ActiveCfg = Debug|x64
		{061B9B58-1B11-4057-B1A0-B17FEB86E03B}.Debug|x64.Build.0 = Debug|x64
		{061B9B58-1B11-4057-B1A0-B17FEB86E03B}.Debug|x86.ActiveCfg = Debug|Win32
		{061B9B58-1B11-4057-B1A0-B17FEB86E03B}.Debug|x86.Build.0 = Debug|Win32
		{061B9B58-1B11-4057-B1A0-B17FEB86E03B}.Release|x64.ActiveCfg = Release|x64
		{061B9B58-1B11-4057-B1A0-B17FEB86E03B}.Release|x64.Build.0 = Release|x64
		{061B9B58-1B11-4057-B1A0-B17FEB86E03B}.Release|x86.ActiveCfg = Release|Win32
		{061B9B58-1B11-4057-B1A0-B17FEB86E03B}.Release|x86.Build.0 = Release|Win32
		{AAB3F7EE-9751-4935-8980-D3C4978993C7}.Debug|x64.ActiveCfg = Debug|x64
		{AAB3F7EE-9751-4935-8980-D3C4978993C7}.Debug|x64.Build.0 = Debug|x64
		{AAB3F7EE-9751-4935-8980-D3C4978993C7}.Debug|x86.ActiveCfg = Debug|Win32
		{AAB3F7EE-9751-4935-8980-D3C4978993C7}.Debug|x86.Build.0 = Debug|Win32
		{AAB3F7EE-9751-4935-8980-D3C4978993C7}.Release|x64.ActiveCfg = Release|x64
		{AAB3F7EE-9751-4935-8980-D3C4978993C7}.Release|x64.Build.0 = Release|x64
		{AAB3F7EE-9751-4935-8980-D3C4978993C7}.Release|x86.ActiveCfg = Release|Win32
		{AAB3F7EE-9751-4935-8980-D3C4978993C7}.Release|x86.Build.0 = Release|Win32
		{8CACA287-AB65-4EDB-8F81-71EC10C1A2BB}.Debug|x64.ActiveCfg = Debug|x64
		{8CACA287-AB65-4EDB-8F81-71EC10C1A2BB}.Debug|x64.Build.0 = Debug|x64
		{8CACA287-AB65-4EDB-8F81-71EC10C1A2BB}.Debug|x86.ActiveCfg = Debug|Win32
		{8CACA287-AB65-4EDB-8F81-71EC10C1A2BB}.Debug|x86.Build.0 = Debug|Win32
		{8CACA287-AB65-4EDB-8F81-71EC10C1A2BB}.Release|x64.ActiveCfg = Release|x64
		{8CACA287-AB65-4EDB-8F81-71EC10C1A2BB}.Release|x64.Build.0 = Release|x64
		{8CACA287-AB65-4EDB-8F81-71EC10C1A2BB}.Release|x86.ActiveCfg = Release|Win32
		{8CACA287-AB65-4EDB-8F81-71EC10C1A2BB}.Release|x86.Build.0 = Release|Win32
		{D403C620-19FF-44B3-AF19-45E3D668B112}.Debug|x64.ActiveCfg = Debug|x64
		{D403C620-19FF-44B3-AF19-45E3D668B112}.Debug|x64.Build.0 = Debug|x64
		{D403C620-19FF-44B3-AF19-45E3D668B112}.Debug|x86.ActiveCfg = Debug|Win32
		{D403C620-19FF-44B3-AF19-45E3D668B112}.Debug|x86.Build.0 = Debug|Win32
		{D403C620-19FF-44B3-AF19-45E3D668B112}.Release|x64.ActiveCfg = Release|x64
		{D403C620-19FF-44B3-AF19-45E3D668B112}.Release|x64.Build.0 = Release|x64
		{D403C620-19FF-44B3-AF19-45E3D668B112}.Release|x86.ActiveCfg = Release|Win32
		{D403C620-19FF-44B3-AF19-45E3D668B112}.Release|x86.Build.0 = Release|Win32
		{0E162F64-EE11-4E90-807E-78AB470C402D}.Debug|x64.ActiveCfg = Debug|x64
		{0E162F64-EE11-4E90-807E-78AB470C402D}.Debug|x64.Build.0 = Debug|x64
		{0E162F64-EE11-4E90-807E-78AB470C402D}.Debug|x86.ActiveCfg = Debug|Win32
		{0E162F64-EE11-4E90-807E-78AB470C402D}.Debug|x86.Build.0 = Debug|Win32
		{0E162F64-EE11-4E90-807E-78AB470C402D}.Release|x64.ActiveCfg = Release|x64
		{0E162F64-EE11-4E90-807E-78AB470C402D}.Release|x64.Build.0 = Release|x64
		{0E162F64-EE11-4E90-807E-78AB470C402D}.Release|x86.ActiveCfg = Release|Win32
		{0E162F64-EE11-4E90-807E-78AB470C402D}.Release|x86.Build.0 = Release|Win32
		{31F984D4-33F6-4853-9605-2B0A6AC5F80C}.Debug|x64.ActiveCfg = Debug|x64
		{31F984D4-33F6-4853-9605-2B0A6AC5F80C}.Debug|x64.Build.0 = Debug|x64
		{31F984D4-33F6-4853-9605-2B0A6AC5F80C}.Debug|x86.ActiveCfg = Debug|Win32
		{31F984D4-33F6-4853-9605-2B0A6AC5F80C}.Debug|x86.Build.0 = Debug|Win32
		{31F984D4-33F6-4853-9605-2B0A6AC5F80C}.Release|x64.ActiveCfg = Release|x64
		{31F984D4-33F6-4853-9605-2B0A6AC5F80C}.Release|x64.Build.0 = Release|x64
		{31F984D4-33F6-4853-9605-2B0A6AC5F80C}.Release|x86.ActiveCfg = Release|Win32
		{31F984D4-33F6-4853-9605-2B0A6AC5F80C}.Release|x86.Build.0 = Release|Win32
		{C3B929F7-6D6E-4964-AB91-F2857C8B7A57}.Debug|x64.ActiveCfg = Debug|x64
		{C3B929F7-6D6E-4964-AB91-F2857C8B7A57}.Debug|x64.Build.0 = Debug|x64
		{C3B929F7-6D6E-4964-AB91-F2857C8B7A57}.Debug|x86.ActiveCfg = Debug|Win32
		{C3B929F7-6D6E-4964-AB91-F2857C8B7A57}.Debug|x86.Build.0 = Debug|Win32
		{C3B929F7-6D6E-4964-AB91-F2857C8B7A57}.Release|x64.ActiveCfg = Release|x64
		{C3B929F7-6D6E-4964-AB91-F2857C8B7A57}.Release|x64.Build.0 = Release|x64
		{C3B929F7-6D6E-4964-AB91-F2857C8B7A57}.Release|x86.ActiveCfg = Release|Win32
		{C3B929F7-6D6E-4964-AB91-F2857C8B7A57}.Release|x86.Build.0 = Release|Win32
		{12E16B36-E905-4B49-ABE5-1A3FDE6F99FA}.Debug|x64.ActiveCfg = Debug|x64
		{12E16B36-E905-4B49-ABE5-1A3FDE6F99FA}.Debug|x64.Build.0 = Debug|x64
		{12E16B36-E905-4B49-ABE5-1A3FDE6F99FA}.Debug|x86.ActiveCfg = Debug|Win32
		{12E16B36-E905-4B49-ABE5-1A3FDE6F99FA}.Debug|x86.Build.0 = Debug|Win32
		{12E16B36-E905-4B49-ABE5-1A3FDE6F99FA}.Release|x64.ActiveCfg = Release|x64
		{12E16B36-E905-4B49-ABE5-1A3FDE6F99FA}.Release|x64.Build.0 = Release|x64
		{12E16B36-E905-4B49-ABE5-1A3FDE6F99FA}.Release|x86.ActiveCfg = Release|Win32
		{12E16B36-E905-4B49-ABE5-1A3FDE6F99FA}.Release|x86.Build.0 = Release|Win32
		{95133632-BCD8-4A86-B2D8-8EDD65590636}.Debug|x64.ActiveCfg = Debug|x64
		{95133632-BCD8-4A86-B2D8-8EDD65590636}.Debug|x64.Build.0 = Debug|x64
		{95133632-BCD8-4A86-B2D8-8EDD65590636}.Debug|x86.ActiveCfg = Debug|Win32
		{95133632-BCD8-4A86-B2D8-8EDD65590636}.Debug|x86.Build.0 = Debug|Win32
		{95133632-BCD8-4A86-B2D8-8EDD65590636}.Release|x64.ActiveCfg = Release|x64
		{95133632-BCD8-4A86-B2D8-8EDD65590636}.Release|x64.Build.0 = Release|x64
		{95133632-BCD8-4A86-B2D8-8EDD65590636}.Release|x86.ActiveCfg = Release|Win32
		{95133632-BCD8-4A86-B2D8-8EDD65590636}.Release|x86.Build.0 = Release|Win32
		{DB6C80C8-EAF5-486E-9733-A99B9D0336A8}.Debug|x64.ActiveCfg = Debug|x64
		{DB6C80C8-EAF5-486E-9733-A99B9D0336A8}.Debug|x64.Build.0 = Debug|x64
		{DB6C80C8-EAF5-486E-9733-A99B9D0336A8}.Debug|x86.ActiveCfg = Debug|Win32
		{DB6C80C8-EAF5-486E-9733-A99B9D0336A8}.Debug|x86.Build.0 = Debug|Win32
		{DB6C80C8-EAF5-486E-9733-A99B9D0336A8}.Release|x64.ActiveCfg = Release|x64
		{DB6C80C8-EAF5-486E-9733-A99B9D0336A8}.Release|x64.Build.0 = Release|x64
		{DB6C80C8-EAF5-486E-9733-A99B9D0336A8}.Release|x86.ActiveCfg = Release|Win32
		{DB6C80C8-EAF5-486E-9733-A99B9D0336A8}.Release|x86.Build.0 = Release|Win32
		{A1418813-ADD7-42F4-BF4A-0EB649A37DE5}.Debug|x64.ActiveCfg = Debug|x64
		{A1418813-ADD7-42F4-BF4A-0EB649A37DE5}.Debug|x64.Build.0 = Debug|x64
		{A1418813-ADD7-42F4-BF4A-0EB649A37DE5}.Debug|x86.ActiveCfg = Debug|Win32
		{A1418813-ADD7-42F4-BF4A-0EB649A37DE5}.Debug|x86.Build.0 = Debug|Win32
		{A1418813-ADD7-42F4-BF4A-0EB649A37DE5}.Release|x64.ActiveCfg = Release|x64
		{A1418813-ADD7-42F4-BF4A-0EB649A37DE5}.Release|x64.Build.0 = Release|x64
		{A1418813-ADD7-42F4-BF4A-0EB649A37DE5}.Release|x86.ActiveCfg = Release|Win32
		{A1418813-ADD7-42F4-BF4A-0EB649A37DE5}.Release|x86.Build.0 = Release|Win32
		{CD16D4EA-EDCF-42CD-A9C0-89E539F29E1E}.Debug|x64.ActiveCfg = Debug|x64
		{CD16D4EA-EDCF-42CD-A9C0-89E539F29E1E}.Debug|x64.Build.0 = Debug|x64
		{CD16D4EA-EDCF-42CD-A9C0-89E539F29E1E}.Debug|x86.ActiveCfg = Debug|Win32
		{CD16D4EA-EDCF-42CD-A9C0-89E539F29E1E}.Debug|x86.Build.0 = Debug|Win32
		{CD16D4EA-EDCF-42CD-A9C0-89E539F29E1E}.Release|x64.ActiveCfg = Release|x64
		{CD16D4EA-EDCF-42CD-A9C0-89E539F29E1E}.Release|x64.Build.0 = Release|x64
		{CD16D4EA-EDCF-42CD-A9C0-89E539F29E1E}.Release|x86.ActiveCfg = Release|Win32
		{CD16D4EA-EDCF-42CD-A9C0-89E539F29E1E}.Release|x86.Build.0 = Release|Win32
	EndGlobalSection
	GlobalSection(SolutionProperties) = preSolution
		HideSolutionNode = FALSE
	EndGlobalSection
EndGlobal
